
Microsoft Visual Studio Solution File, Format Version 12.00
# Visual Studio 15
VisualStudioVersion = 15.0.28010.2036
MinimumVisualStudioVersion = 10.0.40219.1
Project("{FAE04EC0-301F-11D3-BF4B-00C04F79EFBC}") = "LinqLab", "GrupparbeteLinq\LinqLab.csproj", "{3B270364-8F58-4826-BF15-2DE2B8B89CA6}"
EndProject
Global
	GlobalSection(SolutionConfigurationPlatforms) = preSolution
		Debug|Any CPU = Debug|Any CPU
		Release|Any CPU = Release|Any CPU
	EndGlobalSection
	GlobalSection(ProjectConfigurationPlatforms) = postSolution
		{3B270364-8F58-4826-BF15-2DE2B8B89CA6}.Debug|Any CPU.ActiveCfg = Debug|Any CPU
		{3B270364-8F58-4826-BF15-2DE2B8B89CA6}.Debug|Any CPU.Build.0 = Debug|Any CPU
		{3B270364-8F58-4826-BF15-2DE2B8B89CA6}.Release|Any CPU.ActiveCfg = Release|Any CPU
		{3B270364-8F58-4826-BF15-2DE2B8B89CA6}.Release|Any CPU.Build.0 = Release|Any CPU
	EndGlobalSection
	GlobalSection(SolutionProperties) = preSolution
		HideSolutionNode = FALSE
	EndGlobalSection
	GlobalSection(ExtensibilityGlobals) = postSolution
		SolutionGuid = {550EEC3C-5DAB-47E7-B8A1-92041497FBED}
	EndGlobalSection
EndGlobal
