
Microsoft Visual Studio Solution File, Format Version 12.00
# Visual Studio 15
VisualStudioVersion = 15.0.28307.168
MinimumVisualStudioVersion = 10.0.40219.1
Project("{FAE04EC0-301F-11D3-BF4B-00C04F79EFBC}") = "AjaxMovie", "AjaxMovie\AjaxMovie.csproj", "{98ADF22C-CC4B-46EF-B356-5BBD3276B404}"
EndProject
Global
	GlobalSection(SolutionConfigurationPlatforms) = preSolution
		Debug|Any CPU = Debug|Any CPU
		Release|Any CPU = Release|Any CPU
	EndGlobalSection
	GlobalSection(ProjectConfigurationPlatforms) = postSolution
		{98ADF22C-CC4B-46EF-B356-5BBD3276B404}.Debug|Any CPU.ActiveCfg = Debug|Any CPU
		{98ADF22C-CC4B-46EF-B356-5BBD3276B404}.Debug|Any CPU.Build.0 = Debug|Any CPU
		{98ADF22C-CC4B-46EF-B356-5BBD3276B404}.Release|Any CPU.ActiveCfg = Release|Any CPU
		{98ADF22C-CC4B-46EF-B356-5BBD3276B404}.Release|Any CPU.Build.0 = Release|Any CPU
	EndGlobalSection
	GlobalSection(SolutionProperties) = preSolution
		HideSolutionNode = FALSE
	EndGlobalSection
	GlobalSection(ExtensibilityGlobals) = postSolution
		SolutionGuid = {87A4B4E5-8F44-49CE-A697-ACABDF679870}
	EndGlobalSection
EndGlobal
