
Microsoft Visual Studio Solution File, Format Version 12.00
# Visual Studio 15
VisualStudioVersion = 15.0.28010.2036
MinimumVisualStudioVersion = 10.0.40219.1
Project("{9A19103F-16F7-4668-BE54-9A1E7A4F7556}") = "EnumRepetitionmed H", "Repetitionmed H\EnumRepetitionmed H.csproj", "{7451C40E-D995-4292-8C54-E3D9ADB0D93C}"
EndProject
Project("{FAE04EC0-301F-11D3-BF4B-00C04F79EFBC}") = "test", "test\test.csproj", "{D2C8E810-08B7-4FE6-B5A5-46EC0CDB4F72}"
EndProject
Global
	GlobalSection(SolutionConfigurationPlatforms) = preSolution
		Debug|Any CPU = Debug|Any CPU
		Release|Any CPU = Release|Any CPU
	EndGlobalSection
	GlobalSection(ProjectConfigurationPlatforms) = postSolution
		{7451C40E-D995-4292-8C54-E3D9ADB0D93C}.Debug|Any CPU.ActiveCfg = Debug|Any CPU
		{7451C40E-D995-4292-8C54-E3D9ADB0D93C}.Debug|Any CPU.Build.0 = Debug|Any CPU
		{7451C40E-D995-4292-8C54-E3D9ADB0D93C}.Release|Any CPU.ActiveCfg = Release|Any CPU
		{7451C40E-D995-4292-8C54-E3D9ADB0D93C}.Release|Any CPU.Build.0 = Release|Any CPU
		{D2C8E810-08B7-4FE6-B5A5-46EC0CDB4F72}.Debug|Any CPU.ActiveCfg = Debug|Any CPU
		{D2C8E810-08B7-4FE6-B5A5-46EC0CDB4F72}.Debug|Any CPU.Build.0 = Debug|Any CPU
		{D2C8E810-08B7-4FE6-B5A5-46EC0CDB4F72}.Release|Any CPU.ActiveCfg = Release|Any CPU
		{D2C8E810-08B7-4FE6-B5A5-46EC0CDB4F72}.Release|Any CPU.Build.0 = Release|Any CPU
	EndGlobalSection
	GlobalSection(SolutionProperties) = preSolution
		HideSolutionNode = FALSE
	EndGlobalSection
	GlobalSection(ExtensibilityGlobals) = postSolution
		SolutionGuid = {5E4404E4-BFC9-4EB8-A772-64CDAA69A0C3}
	EndGlobalSection
EndGlobal
